
Microsoft Visual Studio Solution File, Format Version 12.00
# Visual Studio Version 16
VisualStudioVersion = 16.0.29324.140
MinimumVisualStudioVersion = 10.0.40219.1
Project("{9A19103F-16F7-4668-BE54-9A1E7A4F7556}") = "IsPolindromeApp.Library", "IsPolindomeApp.Library\IsPolindromeApp.Library.csproj", "{A4F27A91-2455-4235-8534-BE5F630A0095}"
EndProject
Project("{FAE04EC0-301F-11D3-BF4B-00C04F79EFBC}") = "IsPolindrome.Tests", "IsPolindrome.Tests\IsPolindrome.Tests.csproj", "{F8AABFA7-D67D-4DA2-BA58-2BD08B2C77EB}"
	ProjectSection(ProjectDependencies) = postProject
		{A4F27A91-2455-4235-8534-BE5F630A0095} = {A4F27A91-2455-4235-8534-BE5F630A0095}
	EndProjectSection
EndProject
Global
	GlobalSection(SolutionConfigurationPlatforms) = preSolution
		Debug|Any CPU = Debug|Any CPU
		Release|Any CPU = Release|Any CPU
	EndGlobalSection
	GlobalSection(ProjectConfigurationPlatforms) = postSolution
		{A4F27A91-2455-4235-8534-BE5F630A0095}.Debug|Any CPU.ActiveCfg = Debug|Any CPU
		{A4F27A91-2455-4235-8534-BE5F630A0095}.Debug|Any CPU.Build.0 = Debug|Any CPU
		{A4F27A91-2455-4235-8534-BE5F630A0095}.Release|Any CPU.ActiveCfg = Release|Any CPU
		{A4F27A91-2455-4235-8534-BE5F630A0095}.Release|Any CPU.Build.0 = Release|Any CPU
		{F8AABFA7-D67D-4DA2-BA58-2BD08B2C77EB}.Debug|Any CPU.ActiveCfg = Debug|Any CPU
		{F8AABFA7-D67D-4DA2-BA58-2BD08B2C77EB}.Debug|Any CPU.Build.0 = Debug|Any CPU
		{F8AABFA7-D67D-4DA2-BA58-2BD08B2C77EB}.Release|Any CPU.ActiveCfg = Release|Any CPU
		{F8AABFA7-D67D-4DA2-BA58-2BD08B2C77EB}.Release|Any CPU.Build.0 = Release|Any CPU
	EndGlobalSection
	GlobalSection(SolutionProperties) = preSolution
		HideSolutionNode = FALSE
	EndGlobalSection
	GlobalSection(ExtensibilityGlobals) = postSolution
		SolutionGuid = {49BC101F-7990-4A76-8A86-62EDC054DBEB}
	EndGlobalSection
EndGlobal
