
Microsoft Visual Studio Solution File, Format Version 12.00
# Visual Studio Version 16
VisualStudioVersion = 16.0.29326.143
MinimumVisualStudioVersion = 10.0.40219.1
Project("{FAE04EC0-301F-11D3-BF4B-00C04F79EFBC}") = "Assessment", "Assessment\Assessment.csproj", "{2DC49030-132E-47D5-AAF2-353E7B85AC78}"
EndProject
Project("{FAE04EC0-301F-11D3-BF4B-00C04F79EFBC}") = "StringChecker.Library", "PalindroneChecker\StringChecker.Library.csproj", "{016A1392-6D2B-4C82-82BD-9015EF855242}"
EndProject
Project("{FAE04EC0-301F-11D3-BF4B-00C04F79EFBC}") = "PalindromeChecker.Tests", "PalindroneCheckerTest\PalindromeChecker.Tests.csproj", "{94E4B16B-122B-4463-8E0E-3FEE272574A6}"
EndProject
Global
	GlobalSection(SolutionConfigurationPlatforms) = preSolution
		Debug|Any CPU = Debug|Any CPU
		Release|Any CPU = Release|Any CPU
	EndGlobalSection
	GlobalSection(ProjectConfigurationPlatforms) = postSolution
		{2DC49030-132E-47D5-AAF2-353E7B85AC78}.Debug|Any CPU.ActiveCfg = Debug|Any CPU
		{2DC49030-132E-47D5-AAF2-353E7B85AC78}.Debug|Any CPU.Build.0 = Debug|Any CPU
		{2DC49030-132E-47D5-AAF2-353E7B85AC78}.Release|Any CPU.ActiveCfg = Release|Any CPU
		{2DC49030-132E-47D5-AAF2-353E7B85AC78}.Release|Any CPU.Build.0 = Release|Any CPU
		{016A1392-6D2B-4C82-82BD-9015EF855242}.Debug|Any CPU.ActiveCfg = Debug|Any CPU
		{016A1392-6D2B-4C82-82BD-9015EF855242}.Debug|Any CPU.Build.0 = Debug|Any CPU
		{016A1392-6D2B-4C82-82BD-9015EF855242}.Release|Any CPU.ActiveCfg = Release|Any CPU
		{016A1392-6D2B-4C82-82BD-9015EF855242}.Release|Any CPU.Build.0 = Release|Any CPU
		{94E4B16B-122B-4463-8E0E-3FEE272574A6}.Debug|Any CPU.ActiveCfg = Debug|Any CPU
		{94E4B16B-122B-4463-8E0E-3FEE272574A6}.Debug|Any CPU.Build.0 = Debug|Any CPU
		{94E4B16B-122B-4463-8E0E-3FEE272574A6}.Release|Any CPU.ActiveCfg = Release|Any CPU
		{94E4B16B-122B-4463-8E0E-3FEE272574A6}.Release|Any CPU.Build.0 = Release|Any CPU
	EndGlobalSection
	GlobalSection(SolutionProperties) = preSolution
		HideSolutionNode = FALSE
	EndGlobalSection
	GlobalSection(ExtensibilityGlobals) = postSolution
		SolutionGuid = {A51ECBCB-129E-46F3-8B08-F1D27240C981}
	EndGlobalSection
EndGlobal
